
Microsoft Visual Studio Solution File, Format Version 12.00
# Visual Studio Version 17
VisualStudioVersion = 17.0.31912.275
MinimumVisualStudioVersion = 10.0.40219.1
Project("{FAE04EC0-301F-11D3-BF4B-00C04F79EFBC}") = "lab2_zadanie", "lab2_zadanie\lab2_zadanie.csproj", "{A5E669B1-2358-43C4-AE3F-EFEDFC612706}"
EndProject
Global
	GlobalSection(SolutionConfigurationPlatforms) = preSolution
		Debug|Any CPU = Debug|Any CPU
		Release|Any CPU = Release|Any CPU
	EndGlobalSection
	GlobalSection(ProjectConfigurationPlatforms) = postSolution
		{A5E669B1-2358-43C4-AE3F-EFEDFC612706}.Debug|Any CPU.ActiveCfg = Debug|Any CPU
		{A5E669B1-2358-43C4-AE3F-EFEDFC612706}.Debug|Any CPU.Build.0 = Debug|Any CPU
		{A5E669B1-2358-43C4-AE3F-EFEDFC612706}.Release|Any CPU.ActiveCfg = Release|Any CPU
		{A5E669B1-2358-43C4-AE3F-EFEDFC612706}.Release|Any CPU.Build.0 = Release|Any CPU
	EndGlobalSection
	GlobalSection(SolutionProperties) = preSolution
		HideSolutionNode = FALSE
	EndGlobalSection
	GlobalSection(ExtensibilityGlobals) = postSolution
		SolutionGuid = {14566F9A-EB8E-42AD-A37B-4C0578F82C6F}
	EndGlobalSection
EndGlobal
